
Microsoft Visual Studio Solution File, Format Version 12.00
# Visual Studio Version 16
VisualStudioVersion = 16.0.30114.105
MinimumVisualStudioVersion = 10.0.40219.1
Project("{2150E333-8FDC-42A3-9474-1A3956D46DE8}") = "src", "src", "{24ECF58E-6D09-4496-8705-62304611C717}"
EndProject
Project("{FAE04EC0-301F-11D3-BF4B-00C04F79EFBC}") = "Demo", "src\Demo\Demo.csproj", "{7AE91CFB-6ECC-422E-8520-BAC449DC8F18}"
EndProject
Project("{FAE04EC0-301F-11D3-BF4B-00C04F79EFBC}") = "Fibonacci", "src\Fibonacci\Fibonacci.csproj", "{357AD542-0346-4A48-843B-F1775790E449}"
EndProject
Project("{FAE04EC0-301F-11D3-BF4B-00C04F79EFBC}") = "Fibonacci.Web", "src\Fibonacci.Web\Fibonacci.Web.csproj", "{B073254E-AD74-476F-A664-F697AB9FD2AB}"
EndProject
Project("{FAE04EC0-301F-11D3-BF4B-00C04F79EFBC}") = "WebApi", "src\WebApi\WebApi.csproj", "{6E928053-4883-463D-AF5B-12F23FA286F2}"
EndProject
Project("{2150E333-8FDC-42A3-9474-1A3956D46DE8}") = "tests", "tests", "{EDE02043-99F5-4CEA-9815-B70092F24E2B}"
EndProject
Project("{FAE04EC0-301F-11D3-BF4B-00C04F79EFBC}") = "Fibonacci.Tests", "tests\Fibonacci.Tests\Fibonacci.Tests.csproj", "{F23FAC24-ADDE-4637-ACE9-64B8B8262DBE}"
EndProject
Global
	GlobalSection(SolutionConfigurationPlatforms) = preSolution
		Debug|Any CPU = Debug|Any CPU
		Release|Any CPU = Release|Any CPU
	EndGlobalSection
	GlobalSection(SolutionProperties) = preSolution
		HideSolutionNode = FALSE
	EndGlobalSection
	GlobalSection(ProjectConfigurationPlatforms) = postSolution
		{7AE91CFB-6ECC-422E-8520-BAC449DC8F18}.Debug|Any CPU.ActiveCfg = Debug|Any CPU
		{7AE91CFB-6ECC-422E-8520-BAC449DC8F18}.Debug|Any CPU.Build.0 = Debug|Any CPU
		{7AE91CFB-6ECC-422E-8520-BAC449DC8F18}.Release|Any CPU.ActiveCfg = Release|Any CPU
		{7AE91CFB-6ECC-422E-8520-BAC449DC8F18}.Release|Any CPU.Build.0 = Release|Any CPU
		{357AD542-0346-4A48-843B-F1775790E449}.Debug|Any CPU.ActiveCfg = Debug|Any CPU
		{357AD542-0346-4A48-843B-F1775790E449}.Debug|Any CPU.Build.0 = Debug|Any CPU
		{357AD542-0346-4A48-843B-F1775790E449}.Release|Any CPU.ActiveCfg = Release|Any CPU
		{357AD542-0346-4A48-843B-F1775790E449}.Release|Any CPU.Build.0 = Release|Any CPU
		{B073254E-AD74-476F-A664-F697AB9FD2AB}.Debug|Any CPU.ActiveCfg = Debug|Any CPU
		{B073254E-AD74-476F-A664-F697AB9FD2AB}.Debug|Any CPU.Build.0 = Debug|Any CPU
		{B073254E-AD74-476F-A664-F697AB9FD2AB}.Release|Any CPU.ActiveCfg = Release|Any CPU
		{B073254E-AD74-476F-A664-F697AB9FD2AB}.Release|Any CPU.Build.0 = Release|Any CPU
		{6E928053-4883-463D-AF5B-12F23FA286F2}.Debug|Any CPU.ActiveCfg = Debug|Any CPU
		{6E928053-4883-463D-AF5B-12F23FA286F2}.Debug|Any CPU.Build.0 = Debug|Any CPU
		{6E928053-4883-463D-AF5B-12F23FA286F2}.Release|Any CPU.ActiveCfg = Release|Any CPU
		{6E928053-4883-463D-AF5B-12F23FA286F2}.Release|Any CPU.Build.0 = Release|Any CPU
		{F23FAC24-ADDE-4637-ACE9-64B8B8262DBE}.Debug|Any CPU.ActiveCfg = Debug|Any CPU
		{F23FAC24-ADDE-4637-ACE9-64B8B8262DBE}.Debug|Any CPU.Build.0 = Debug|Any CPU
		{F23FAC24-ADDE-4637-ACE9-64B8B8262DBE}.Release|Any CPU.ActiveCfg = Release|Any CPU
		{F23FAC24-ADDE-4637-ACE9-64B8B8262DBE}.Release|Any CPU.Build.0 = Release|Any CPU
	EndGlobalSection
	GlobalSection(NestedProjects) = preSolution
		{7AE91CFB-6ECC-422E-8520-BAC449DC8F18} = {24ECF58E-6D09-4496-8705-62304611C717}
		{357AD542-0346-4A48-843B-F1775790E449} = {24ECF58E-6D09-4496-8705-62304611C717}
		{B073254E-AD74-476F-A664-F697AB9FD2AB} = {24ECF58E-6D09-4496-8705-62304611C717}
		{6E928053-4883-463D-AF5B-12F23FA286F2} = {24ECF58E-6D09-4496-8705-62304611C717}
		{F23FAC24-ADDE-4637-ACE9-64B8B8262DBE} = {EDE02043-99F5-4CEA-9815-B70092F24E2B}
	EndGlobalSection
EndGlobal
